{
  "name": "practice-layzr",
  "version": "1.0.0",
  "lockfileVersion": 2,
  "requires": true,
  "packages": {
    "": {
      "name": "practice-layzr",
      "version": "1.0.0",
      "dependencies": {
        "layzr.js": "^2.2.2",
        "muuri": "^0.9.5"
      }
    },
    "node_modules/knot.js": {
      "version": "1.1.5",
      "resolved": "https://registry.npmjs.org/knot.js/-/knot.js-1.1.5.tgz",
      "integrity": "sha512-ptGtvTrgLNtQj9ilUR+tSyHWTCPp2xu/EHkeo3OvpczzNqBSwjQKz8G7vUhzlRbasXVULBWSejsj6QRQb1pakw=="
    },
    "node_modules/layzr.js": {
      "version": "2.2.2",
      "resolved": "https://registry.npmjs.org/layzr.js/-/layzr.js-2.2.2.tgz",
      "integrity": "sha512-y/K3NMGJ/E9keHpfM9H0tTAPmfYmeYK/hNnTEZXEg5v0Zrl3Jy1W8SLOCU++lmmlpKOm1z69/n8yVFNC25JYfg==",
      "dependencies": {
        "knot.js": "^1.1.5"
      }
    },
    "node_modules/muuri": {
      "version": "0.9.5",
      "resolved": "https://registry.npmjs.org/muuri/-/muuri-0.9.5.tgz",
      "integrity": "sha512-nJL9/Pd5IaIXGAVunBs/LLQ+v6tPkvlqCYrlauWESgkVFr+F+CRf8HnayRh4AqiQ1S/PIEN39fhJSe4L5rLlxg=="
    }
  },
  "dependencies": {
    "knot.js": {
      "version": "1.1.5",
      "resolved": "https://registry.npmjs.org/knot.js/-/knot.js-1.1.5.tgz",
      "integrity": "sha512-ptGtvTrgLNtQj9ilUR+tSyHWTCPp2xu/EHkeo3OvpczzNqBSwjQKz8G7vUhzlRbasXVULBWSejsj6QRQb1pakw=="
    },
    "layzr.js": {
      "version": "2.2.2",
      "resolved": "https://registry.npmjs.org/layzr.js/-/layzr.js-2.2.2.tgz",
      "integrity": "sha512-y/K3NMGJ/E9keHpfM9H0tTAPmfYmeYK/hNnTEZXEg5v0Zrl3Jy1W8SLOCU++lmmlpKOm1z69/n8yVFNC25JYfg==",
      "requires": {
        "knot.js": "^1.1.5"
      }
    },
    "muuri": {
      "version": "0.9.5",
      "resolved": "https://registry.npmjs.org/muuri/-/muuri-0.9.5.tgz",
      "integrity": "sha512-nJL9/Pd5IaIXGAVunBs/LLQ+v6tPkvlqCYrlauWESgkVFr+F+CRf8HnayRh4AqiQ1S/PIEN39fhJSe4L5rLlxg=="
    }
  }
}
